
Microsoft Visual Studio Solution File, Format Version 12.00
# Visual Studio Version 17
VisualStudioVersion = 17.8.34511.84
MinimumVisualStudioVersion = 10.0.40219.1
Project("{9A19103F-16F7-4668-BE54-9A1E7A4F7556}") = "Quiz1", "WinWinMedia_Quiz1\Quiz1.csproj", "{C23651EF-7715-407F-954D-A18FF9508CD7}"
EndProject
Project("{9A19103F-16F7-4668-BE54-9A1E7A4F7556}") = "Quiz2", "WinWinMedia_Quiz2\Quiz2.csproj", "{C22BB767-C3C4-4B1F-88BB-722A65E33451}"
EndProject
Project("{9A19103F-16F7-4668-BE54-9A1E7A4F7556}") = "Quiz3", "WinWinMedia_Quiz3\Quiz3.csproj", "{4B53567D-F35F-4B93-BBFD-71735A1B979E}"
EndProject
Global
	GlobalSection(SolutionConfigurationPlatforms) = preSolution
		Debug|Any CPU = Debug|Any CPU
		Release|Any CPU = Release|Any CPU
	EndGlobalSection
	GlobalSection(ProjectConfigurationPlatforms) = postSolution
		{C23651EF-7715-407F-954D-A18FF9508CD7}.Debug|Any CPU.ActiveCfg = Debug|Any CPU
		{C23651EF-7715-407F-954D-A18FF9508CD7}.Debug|Any CPU.Build.0 = Debug|Any CPU
		{C23651EF-7715-407F-954D-A18FF9508CD7}.Release|Any CPU.ActiveCfg = Release|Any CPU
		{C23651EF-7715-407F-954D-A18FF9508CD7}.Release|Any CPU.Build.0 = Release|Any CPU
		{C22BB767-C3C4-4B1F-88BB-722A65E33451}.Debug|Any CPU.ActiveCfg = Debug|Any CPU
		{C22BB767-C3C4-4B1F-88BB-722A65E33451}.Debug|Any CPU.Build.0 = Debug|Any CPU
		{C22BB767-C3C4-4B1F-88BB-722A65E33451}.Release|Any CPU.ActiveCfg = Release|Any CPU
		{C22BB767-C3C4-4B1F-88BB-722A65E33451}.Release|Any CPU.Build.0 = Release|Any CPU
		{4B53567D-F35F-4B93-BBFD-71735A1B979E}.Debug|Any CPU.ActiveCfg = Debug|Any CPU
		{4B53567D-F35F-4B93-BBFD-71735A1B979E}.Debug|Any CPU.Build.0 = Debug|Any CPU
		{4B53567D-F35F-4B93-BBFD-71735A1B979E}.Release|Any CPU.ActiveCfg = Release|Any CPU
		{4B53567D-F35F-4B93-BBFD-71735A1B979E}.Release|Any CPU.Build.0 = Release|Any CPU
	EndGlobalSection
	GlobalSection(SolutionProperties) = preSolution
		HideSolutionNode = FALSE
	EndGlobalSection
	GlobalSection(ExtensibilityGlobals) = postSolution
		SolutionGuid = {3F0EDF38-057C-4E3D-AE55-C1C165E2E416}
	EndGlobalSection
EndGlobal
