
Microsoft Visual Studio Solution File, Format Version 12.00
# Visual Studio Version 17
VisualStudioVersion = 17.8.34511.84
MinimumVisualStudioVersion = 10.0.40219.1
Project("{9A19103F-16F7-4668-BE54-9A1E7A4F7556}") = "UserManagement", "WinWinMedia\UserManagement.csproj", "{22F997C6-160D-48AD-8E91-E317DA447859}"
EndProject
Global
	GlobalSection(SolutionConfigurationPlatforms) = preSolution
		Debug|Any CPU = Debug|Any CPU
		Release|Any CPU = Release|Any CPU
	EndGlobalSection
	GlobalSection(ProjectConfigurationPlatforms) = postSolution
		{22F997C6-160D-48AD-8E91-E317DA447859}.Debug|Any CPU.ActiveCfg = Debug|Any CPU
		{22F997C6-160D-48AD-8E91-E317DA447859}.Debug|Any CPU.Build.0 = Debug|Any CPU
		{22F997C6-160D-48AD-8E91-E317DA447859}.Release|Any CPU.ActiveCfg = Release|Any CPU
		{22F997C6-160D-48AD-8E91-E317DA447859}.Release|Any CPU.Build.0 = Release|Any CPU
	EndGlobalSection
	GlobalSection(SolutionProperties) = preSolution
		HideSolutionNode = FALSE
	EndGlobalSection
	GlobalSection(ExtensibilityGlobals) = postSolution
		SolutionGuid = {3F0EDF38-057C-4E3D-AE55-C1C165E2E416}
	EndGlobalSection
EndGlobal
